
Microsoft Visual Studio Solution File, Format Version 12.00
# Visual Studio 14
VisualStudioVersion = 14.0.25420.1
MinimumVisualStudioVersion = 10.0.40219.1
Project("{F184B08F-C81C-45F6-A57F-5ABD9991F28F}") = "barnensbibl_Api_v3.0", "barnensbibl_Api_v3.0\barnensbibl_Api_v3.0.vbproj", "{A8F2D7F5-0199-4750-8D2C-86101B1AF9B2}"
EndProject
Project("{F184B08F-C81C-45F6-A57F-5ABD9991F28F}") = "barnensbibl_Api_v3.0.Tests", "barnensbibl_Api_v3.0.Tests\barnensbibl_Api_v3.0.Tests.vbproj", "{067E3A1D-B291-48A0-8DF5-E60BA1266586}"
EndProject
Global
	GlobalSection(SolutionConfigurationPlatforms) = preSolution
		Debug|Any CPU = Debug|Any CPU
		Release|Any CPU = Release|Any CPU
	EndGlobalSection
	GlobalSection(ProjectConfigurationPlatforms) = postSolution
		{A8F2D7F5-0199-4750-8D2C-86101B1AF9B2}.Debug|Any CPU.ActiveCfg = Debug|Any CPU
		{A8F2D7F5-0199-4750-8D2C-86101B1AF9B2}.Debug|Any CPU.Build.0 = Debug|Any CPU
		{A8F2D7F5-0199-4750-8D2C-86101B1AF9B2}.Release|Any CPU.ActiveCfg = Release|Any CPU
		{A8F2D7F5-0199-4750-8D2C-86101B1AF9B2}.Release|Any CPU.Build.0 = Release|Any CPU
		{067E3A1D-B291-48A0-8DF5-E60BA1266586}.Debug|Any CPU.ActiveCfg = Debug|Any CPU
		{067E3A1D-B291-48A0-8DF5-E60BA1266586}.Debug|Any CPU.Build.0 = Debug|Any CPU
		{067E3A1D-B291-48A0-8DF5-E60BA1266586}.Release|Any CPU.ActiveCfg = Release|Any CPU
		{067E3A1D-B291-48A0-8DF5-E60BA1266586}.Release|Any CPU.Build.0 = Release|Any CPU
	EndGlobalSection
	GlobalSection(SolutionProperties) = preSolution
		HideSolutionNode = FALSE
	EndGlobalSection
EndGlobal
